
Microsoft Visual Studio Solution File, Format Version 12.00
# Visual Studio Version 17
VisualStudioVersion = 17.3.32929.385
MinimumVisualStudioVersion = 10.0.40219.1
Project("{FAE04EC0-301F-11D3-BF4B-00C04F79EFBC}") = "CrudFireStoreWpf", "CrudFireStoreWpf.csproj", "{049F19B7-052A-422D-BD80-BA0AD781860D}"
EndProject
Global
	GlobalSection(SolutionConfigurationPlatforms) = preSolution
		Debug|Any CPU = Debug|Any CPU
		Release|Any CPU = Release|Any CPU
	EndGlobalSection
	GlobalSection(ProjectConfigurationPlatforms) = postSolution
		{049F19B7-052A-422D-BD80-BA0AD781860D}.Debug|Any CPU.ActiveCfg = Debug|Any CPU
		{049F19B7-052A-422D-BD80-BA0AD781860D}.Debug|Any CPU.Build.0 = Debug|Any CPU
		{049F19B7-052A-422D-BD80-BA0AD781860D}.Release|Any CPU.ActiveCfg = Release|Any CPU
		{049F19B7-052A-422D-BD80-BA0AD781860D}.Release|Any CPU.Build.0 = Release|Any CPU
	EndGlobalSection
	GlobalSection(SolutionProperties) = preSolution
		HideSolutionNode = FALSE
	EndGlobalSection
	GlobalSection(ExtensibilityGlobals) = postSolution
		SolutionGuid = {09F5872F-C6F8-4268-86B6-BFF5265CF5DF}
	EndGlobalSection
EndGlobal
